
Microsoft Visual Studio Solution File, Format Version 12.00
# Visual Studio Version 17
VisualStudioVersion = 17.14.36401.2
MinimumVisualStudioVersion = 10.0.40219.1
Project("{FAE04EC0-301F-11D3-BF4B-00C04F79EFBC}") = "GwentApi", "GwentApi\GwentApi.csproj", "{583CD2C2-3C25-4B18-9189-9F489AA3B58F}"
EndProject
Project("{FAE04EC0-301F-11D3-BF4B-00C04F79EFBC}") = "GwentWebAssembly", "GwentWebAssembly\GwentWebAssembly.csproj", "{7938DDAC-0DD7-4FB2-BF8E-96225E9C6A3E}"
EndProject
Project("{FAE04EC0-301F-11D3-BF4B-00C04F79EFBC}") = "GwentShared", "GwentShared\GwentShared.csproj", "{05E5A1D6-FF16-4D20-9744-AC8BFAF88B5A}"
EndProject
Global
	GlobalSection(SolutionConfigurationPlatforms) = preSolution
		Debug|Any CPU = Debug|Any CPU
		Release|Any CPU = Release|Any CPU
	EndGlobalSection
	GlobalSection(ProjectConfigurationPlatforms) = postSolution
		{583CD2C2-3C25-4B18-9189-9F489AA3B58F}.Debug|Any CPU.ActiveCfg = Debug|Any CPU
		{583CD2C2-3C25-4B18-9189-9F489AA3B58F}.Debug|Any CPU.Build.0 = Debug|Any CPU
		{583CD2C2-3C25-4B18-9189-9F489AA3B58F}.Release|Any CPU.ActiveCfg = Release|Any CPU
		{583CD2C2-3C25-4B18-9189-9F489AA3B58F}.Release|Any CPU.Build.0 = Release|Any CPU
		{7938DDAC-0DD7-4FB2-BF8E-96225E9C6A3E}.Debug|Any CPU.ActiveCfg = Debug|Any CPU
		{7938DDAC-0DD7-4FB2-BF8E-96225E9C6A3E}.Debug|Any CPU.Build.0 = Debug|Any CPU
		{7938DDAC-0DD7-4FB2-BF8E-96225E9C6A3E}.Release|Any CPU.ActiveCfg = Release|Any CPU
		{7938DDAC-0DD7-4FB2-BF8E-96225E9C6A3E}.Release|Any CPU.Build.0 = Release|Any CPU
		{05E5A1D6-FF16-4D20-9744-AC8BFAF88B5A}.Debug|Any CPU.ActiveCfg = Debug|Any CPU
		{05E5A1D6-FF16-4D20-9744-AC8BFAF88B5A}.Debug|Any CPU.Build.0 = Debug|Any CPU
		{05E5A1D6-FF16-4D20-9744-AC8BFAF88B5A}.Release|Any CPU.ActiveCfg = Release|Any CPU
		{05E5A1D6-FF16-4D20-9744-AC8BFAF88B5A}.Release|Any CPU.Build.0 = Release|Any CPU
	EndGlobalSection
	GlobalSection(SolutionProperties) = preSolution
		HideSolutionNode = FALSE
	EndGlobalSection
	GlobalSection(ExtensibilityGlobals) = postSolution
		SolutionGuid = {FC742A7B-5884-438B-B54B-DFB194CED6DB}
	EndGlobalSection
EndGlobal
